
Microsoft Visual Studio Solution File, Format Version 12.00
# Visual Studio Version 17
VisualStudioVersion = 17.8.34525.116
MinimumVisualStudioVersion = 10.0.40219.1
Project("{FAE04EC0-301F-11D3-BF4B-00C04F79EFBC}") = "receiver", "receiver\receiver.csproj", "{A57EFBF3-58A2-408A-8420-45005967B7A6}"
EndProject
Project("{FAE04EC0-301F-11D3-BF4B-00C04F79EFBC}") = "Sender", "..\Sender\Sender.csproj", "{2DBFA3DE-4254-4BBF-9428-B98824EEADC0}"
EndProject
Global
	GlobalSection(SolutionConfigurationPlatforms) = preSolution
		Debug|Any CPU = Debug|Any CPU
		Release|Any CPU = Release|Any CPU
	EndGlobalSection
	GlobalSection(ProjectConfigurationPlatforms) = postSolution
		{A57EFBF3-58A2-408A-8420-45005967B7A6}.Debug|Any CPU.ActiveCfg = Debug|Any CPU
		{A57EFBF3-58A2-408A-8420-45005967B7A6}.Debug|Any CPU.Build.0 = Debug|Any CPU
		{A57EFBF3-58A2-408A-8420-45005967B7A6}.Release|Any CPU.ActiveCfg = Release|Any CPU
		{A57EFBF3-58A2-408A-8420-45005967B7A6}.Release|Any CPU.Build.0 = Release|Any CPU
		{2DBFA3DE-4254-4BBF-9428-B98824EEADC0}.Debug|Any CPU.ActiveCfg = Debug|Any CPU
		{2DBFA3DE-4254-4BBF-9428-B98824EEADC0}.Debug|Any CPU.Build.0 = Debug|Any CPU
		{2DBFA3DE-4254-4BBF-9428-B98824EEADC0}.Release|Any CPU.ActiveCfg = Release|Any CPU
		{2DBFA3DE-4254-4BBF-9428-B98824EEADC0}.Release|Any CPU.Build.0 = Release|Any CPU
	EndGlobalSection
	GlobalSection(SolutionProperties) = preSolution
		HideSolutionNode = FALSE
	EndGlobalSection
	GlobalSection(ExtensibilityGlobals) = postSolution
		SolutionGuid = {C6A31284-F76C-40A2-B402-722C9B02623F}
	EndGlobalSection
EndGlobal
